
Microsoft Visual Studio Solution File, Format Version 12.00
# Visual Studio Version 16
VisualStudioVersion = 16.0.30503.244
MinimumVisualStudioVersion = 10.0.40219.1
Project("{FAE04EC0-301F-11D3-BF4B-00C04F79EFBC}") = "EtiquetandoOberon", "EtiquetandoOberon.csproj", "{B5D203A3-8D1B-4A30-9EAE-FC601C683736}"
EndProject
Global
	GlobalSection(SolutionConfigurationPlatforms) = preSolution
		Debug|Any CPU = Debug|Any CPU
		Release|Any CPU = Release|Any CPU
	EndGlobalSection
	GlobalSection(ProjectConfigurationPlatforms) = postSolution
		{B5D203A3-8D1B-4A30-9EAE-FC601C683736}.Debug|Any CPU.ActiveCfg = Debug|Any CPU
		{B5D203A3-8D1B-4A30-9EAE-FC601C683736}.Debug|Any CPU.Build.0 = Debug|Any CPU
		{B5D203A3-8D1B-4A30-9EAE-FC601C683736}.Release|Any CPU.ActiveCfg = Release|Any CPU
		{B5D203A3-8D1B-4A30-9EAE-FC601C683736}.Release|Any CPU.Build.0 = Release|Any CPU
	EndGlobalSection
	GlobalSection(SolutionProperties) = preSolution
		HideSolutionNode = FALSE
	EndGlobalSection
	GlobalSection(ExtensibilityGlobals) = postSolution
		SolutionGuid = {322CB19B-FADD-4E69-90BC-94E053D90696}
	EndGlobalSection
EndGlobal
